
Microsoft Visual Studio Solution File, Format Version 12.00
# Visual Studio 15
VisualStudioVersion = 15.0.28307.168
MinimumVisualStudioVersion = 10.0.40219.1
Project("{FAE04EC0-301F-11D3-BF4B-00C04F79EFBC}") = "Employees", "Employees\Employees.csproj", "{994ADC35-683D-4C8D-9911-480D1A9F2676}"
EndProject
Global
	GlobalSection(SolutionConfigurationPlatforms) = preSolution
		Debug|Any CPU = Debug|Any CPU
		Release|Any CPU = Release|Any CPU
	EndGlobalSection
	GlobalSection(ProjectConfigurationPlatforms) = postSolution
		{994ADC35-683D-4C8D-9911-480D1A9F2676}.Debug|Any CPU.ActiveCfg = Debug|Any CPU
		{994ADC35-683D-4C8D-9911-480D1A9F2676}.Debug|Any CPU.Build.0 = Debug|Any CPU
		{994ADC35-683D-4C8D-9911-480D1A9F2676}.Release|Any CPU.ActiveCfg = Release|Any CPU
		{994ADC35-683D-4C8D-9911-480D1A9F2676}.Release|Any CPU.Build.0 = Release|Any CPU
	EndGlobalSection
	GlobalSection(SolutionProperties) = preSolution
		HideSolutionNode = FALSE
	EndGlobalSection
	GlobalSection(ExtensibilityGlobals) = postSolution
		SolutionGuid = {2E8D7080-A79E-4F0A-8F77-29EA3A93BA20}
	EndGlobalSection
EndGlobal
